{
    "_readme": [
        "This file locks the dependencies of your project to a known state",
        "Read more about it at https://getcomposer.org/doc/01-basic-usage.md#composer-lock-the-lock-file",
        "This file is @generated automatically"
    ],
    "hash": "897ea5ed785a6468f2f9e494bfcbe43c",
    "content-hash": "16ffc89c1be5f189116692186dbb5bf9",
    "packages": [
        {
            "name": "kittinan/php-http",
            "version": "1.0.2",
            "source": {
                "type": "git",
                "url": "https://github.com/kittinan/php-http.git",
                "reference": "54c9946216f22443fe62df20b0b2589eff3177e9"
            },
            "dist": {
                "type": "zip",
                "url": "https://api.github.com/repos/kittinan/php-http/zipball/54c9946216f22443fe62df20b0b2589eff3177e9",
                "reference": "54c9946216f22443fe62df20b0b2589eff3177e9",
                "shasum": ""
            },
            "require": {
                "php": ">=5"
            },
            "type": "library",
            "autoload": {
                "psr-4": {
                    "KS\\HTTP\\": "src/KS/HTTP"
                }
            },
            "notification-url": "https://packagist.org/downloads/",
            "license": [
                "MIT"
            ],
            "description": "php-http is a simple HTTP class with php5-curl",
            "time": "2016-07-02 05:10:06"
        },
        {
            "name": "symfony/yaml",
            "version": "v3.1.5",
            "source": {
                "type": "git",
                "url": "https://github.com/symfony/yaml.git",
                "reference": "368b9738d4033c8b93454cb0dbd45d305135a6d3"
            },
            "dist": {
                "type": "zip",
                "url": "https://api.github.com/repos/symfony/yaml/zipball/368b9738d4033c8b93454cb0dbd45d305135a6d3",
                "reference": "368b9738d4033c8b93454cb0dbd45d305135a6d3",
                "shasum": ""
            },
            "require": {
                "php": ">=5.5.9"
            },
            "type": "library",
            "extra": {
                "branch-alias": {
                    "dev-master": "3.1-dev"
                }
            },
            "autoload": {
                "psr-4": {
                    "Symfony\\Component\\Yaml\\": ""
                },
                "exclude-from-classmap": [
                    "/Tests/"
                ]
            },
            "notification-url": "https://packagist.org/downloads/",
            "license": [
                "MIT"
            ],
            "authors": [
                {
                    "name": "Fabien Potencier",
                    "email": "fabien@symfony.com"
                },
                {
                    "name": "Symfony Community",
                    "homepage": "https://symfony.com/contributors"
                }
            ],
            "description": "Symfony Yaml Component",
            "homepage": "https://symfony.com",
            "time": "2016-09-25 08:27:07"
        }
    ],
    "packages-dev": [],
    "aliases": [],
    "minimum-stability": "stable",
    "stability-flags": [],
    "prefer-stable": false,
    "prefer-lowest": false,
    "platform": [],
    "platform-dev": []
}
